
Microsoft Visual Studio Solution File, Format Version 12.00
# Visual Studio Version 16
VisualStudioVersion = 16.0.29709.97
MinimumVisualStudioVersion = 10.0.40219.1
Project("{9A19103F-16F7-4668-BE54-9A1E7A4F7556}") = "DKP.Converter.MonDKP.Lib", "DKP.Converter\MonDKP\DKP.Converter.MonDKP.Lib\DKP.Converter.MonDKP.Lib.csproj", "{BF61AC25-2DBC-470D-8D98-383D76821A16}"
EndProject
Project("{9A19103F-16F7-4668-BE54-9A1E7A4F7556}") = "DKP.Converter.MonDKP.Lib.Tests", "DKP.Converter\MonDKP\DKP.Converter.MonDKP.Lib.Tests\DKP.Converter.MonDKP.Lib.Tests.csproj", "{D0ACF154-25A5-45BE-B75E-4B1ADE5C3BB9}"
EndProject
Project("{9A19103F-16F7-4668-BE54-9A1E7A4F7556}") = "DKP.Data.MonDKP.Entities", "DKP.Data\MonDKP\DKP.Data.MonDKP.Entities\DKP.Data.MonDKP.Entities.csproj", "{AAF5217A-F901-4564-BC5D-3F98B79133CB}"
EndProject
Project("{2150E333-8FDC-42A3-9474-1A3956D46DE8}") = "MonDKP", "MonDKP", "{DF936345-4AFB-4CAC-AE03-B18AFE8248C2}"
EndProject
Project("{2150E333-8FDC-42A3-9474-1A3956D46DE8}") = "EQdkpPlus", "EQdkpPlus", "{E182EE53-1C2F-4E61-9AD1-2BBAA36D0571}"
EndProject
Project("{9A19103F-16F7-4668-BE54-9A1E7A4F7556}") = "DKP.Converter.UI", "DKP.Converter\DKP.Converter.UI\DKP.Converter.UI.csproj", "{3A66C856-20A1-4931-9261-360A3F911FB6}"
EndProject
Project("{9A19103F-16F7-4668-BE54-9A1E7A4F7556}") = "DKP.Data.EQdkpPlus.Entities", "DKP.Data\EQdkpPlus\DKP.Data.EQdkpPlus.Entities\DKP.Data.EQdkpPlus.Entities.csproj", "{CD230718-A0C6-4D50-AB19-2E8E07433B2B}"
EndProject
Project("{9A19103F-16F7-4668-BE54-9A1E7A4F7556}") = "DKP.Data.EQdkpPlus.Lib", "DKP.Data\EQdkpPlus\DKP.Data.EQdkpPlus.Lib\DKP.Data.EQdkpPlus.Lib.csproj", "{BA2D171D-660F-434E-A9C1-7D5F5273B47F}"
EndProject
Project("{9A19103F-16F7-4668-BE54-9A1E7A4F7556}") = "DKP.Data.MonDKP.Lib", "DKP.Data\MonDKP\DKP.Data.MonDKP.Lib\DKP.Data.MonDKP.Lib.csproj", "{7D783BD7-0D1B-4823-8E2D-219EDE2153F6}"
EndProject
Project("{2150E333-8FDC-42A3-9474-1A3956D46DE8}") = "Converter", "Converter", "{26B17566-5762-454D-AFE9-A5166588DECB}"
EndProject
Project("{2150E333-8FDC-42A3-9474-1A3956D46DE8}") = "Data", "Data", "{59DB0324-CA7E-49D4-89E9-6F590910223C}"
EndProject
Project("{2150E333-8FDC-42A3-9474-1A3956D46DE8}") = "Data", "Data", "{E5539AEE-7CB0-4C16-BC97-F999A2A79782}"
EndProject
Project("{2150E333-8FDC-42A3-9474-1A3956D46DE8}") = "Shared", "Shared", "{D73E1A11-AE55-485B-9720-137DF7E6A2EB}"
EndProject
Project("{FAE04EC0-301F-11D3-BF4B-00C04F79EFBC}") = "DKP.Shared.Lib", "DKP.Shared\DKP.Shared.Lib\DKP.Shared.Lib.csproj", "{A89F6F21-E44D-4D64-8C38-26FB5CB6E60C}"
EndProject
Global
	GlobalSection(SolutionConfigurationPlatforms) = preSolution
		Debug|Any CPU = Debug|Any CPU
		Release|Any CPU = Release|Any CPU
	EndGlobalSection
	GlobalSection(ProjectConfigurationPlatforms) = postSolution
		{BF61AC25-2DBC-470D-8D98-383D76821A16}.Debug|Any CPU.ActiveCfg = Debug|Any CPU
		{BF61AC25-2DBC-470D-8D98-383D76821A16}.Debug|Any CPU.Build.0 = Debug|Any CPU
		{BF61AC25-2DBC-470D-8D98-383D76821A16}.Release|Any CPU.ActiveCfg = Release|Any CPU
		{BF61AC25-2DBC-470D-8D98-383D76821A16}.Release|Any CPU.Build.0 = Release|Any CPU
		{D0ACF154-25A5-45BE-B75E-4B1ADE5C3BB9}.Debug|Any CPU.ActiveCfg = Debug|Any CPU
		{D0ACF154-25A5-45BE-B75E-4B1ADE5C3BB9}.Debug|Any CPU.Build.0 = Debug|Any CPU
		{D0ACF154-25A5-45BE-B75E-4B1ADE5C3BB9}.Release|Any CPU.ActiveCfg = Release|Any CPU
		{D0ACF154-25A5-45BE-B75E-4B1ADE5C3BB9}.Release|Any CPU.Build.0 = Release|Any CPU
		{AAF5217A-F901-4564-BC5D-3F98B79133CB}.Debug|Any CPU.ActiveCfg = Debug|Any CPU
		{AAF5217A-F901-4564-BC5D-3F98B79133CB}.Debug|Any CPU.Build.0 = Debug|Any CPU
		{AAF5217A-F901-4564-BC5D-3F98B79133CB}.Release|Any CPU.ActiveCfg = Release|Any CPU
		{AAF5217A-F901-4564-BC5D-3F98B79133CB}.Release|Any CPU.Build.0 = Release|Any CPU
		{3A66C856-20A1-4931-9261-360A3F911FB6}.Debug|Any CPU.ActiveCfg = Debug|Any CPU
		{3A66C856-20A1-4931-9261-360A3F911FB6}.Debug|Any CPU.Build.0 = Debug|Any CPU
		{3A66C856-20A1-4931-9261-360A3F911FB6}.Release|Any CPU.ActiveCfg = Release|Any CPU
		{3A66C856-20A1-4931-9261-360A3F911FB6}.Release|Any CPU.Build.0 = Release|Any CPU
		{CD230718-A0C6-4D50-AB19-2E8E07433B2B}.Debug|Any CPU.ActiveCfg = Debug|Any CPU
		{CD230718-A0C6-4D50-AB19-2E8E07433B2B}.Debug|Any CPU.Build.0 = Debug|Any CPU
		{CD230718-A0C6-4D50-AB19-2E8E07433B2B}.Release|Any CPU.ActiveCfg = Release|Any CPU
		{CD230718-A0C6-4D50-AB19-2E8E07433B2B}.Release|Any CPU.Build.0 = Release|Any CPU
		{BA2D171D-660F-434E-A9C1-7D5F5273B47F}.Debug|Any CPU.ActiveCfg = Debug|Any CPU
		{BA2D171D-660F-434E-A9C1-7D5F5273B47F}.Debug|Any CPU.Build.0 = Debug|Any CPU
		{BA2D171D-660F-434E-A9C1-7D5F5273B47F}.Release|Any CPU.ActiveCfg = Release|Any CPU
		{BA2D171D-660F-434E-A9C1-7D5F5273B47F}.Release|Any CPU.Build.0 = Release|Any CPU
		{7D783BD7-0D1B-4823-8E2D-219EDE2153F6}.Debug|Any CPU.ActiveCfg = Debug|Any CPU
		{7D783BD7-0D1B-4823-8E2D-219EDE2153F6}.Debug|Any CPU.Build.0 = Debug|Any CPU
		{7D783BD7-0D1B-4823-8E2D-219EDE2153F6}.Release|Any CPU.ActiveCfg = Release|Any CPU
		{7D783BD7-0D1B-4823-8E2D-219EDE2153F6}.Release|Any CPU.Build.0 = Release|Any CPU
		{A89F6F21-E44D-4D64-8C38-26FB5CB6E60C}.Debug|Any CPU.ActiveCfg = Debug|Any CPU
		{A89F6F21-E44D-4D64-8C38-26FB5CB6E60C}.Debug|Any CPU.Build.0 = Debug|Any CPU
		{A89F6F21-E44D-4D64-8C38-26FB5CB6E60C}.Release|Any CPU.ActiveCfg = Release|Any CPU
		{A89F6F21-E44D-4D64-8C38-26FB5CB6E60C}.Release|Any CPU.Build.0 = Release|Any CPU
	EndGlobalSection
	GlobalSection(SolutionProperties) = preSolution
		HideSolutionNode = FALSE
	EndGlobalSection
	GlobalSection(NestedProjects) = preSolution
		{BF61AC25-2DBC-470D-8D98-383D76821A16} = {26B17566-5762-454D-AFE9-A5166588DECB}
		{D0ACF154-25A5-45BE-B75E-4B1ADE5C3BB9} = {26B17566-5762-454D-AFE9-A5166588DECB}
		{AAF5217A-F901-4564-BC5D-3F98B79133CB} = {59DB0324-CA7E-49D4-89E9-6F590910223C}
		{CD230718-A0C6-4D50-AB19-2E8E07433B2B} = {E5539AEE-7CB0-4C16-BC97-F999A2A79782}
		{BA2D171D-660F-434E-A9C1-7D5F5273B47F} = {E5539AEE-7CB0-4C16-BC97-F999A2A79782}
		{7D783BD7-0D1B-4823-8E2D-219EDE2153F6} = {59DB0324-CA7E-49D4-89E9-6F590910223C}
		{26B17566-5762-454D-AFE9-A5166588DECB} = {DF936345-4AFB-4CAC-AE03-B18AFE8248C2}
		{59DB0324-CA7E-49D4-89E9-6F590910223C} = {DF936345-4AFB-4CAC-AE03-B18AFE8248C2}
		{E5539AEE-7CB0-4C16-BC97-F999A2A79782} = {E182EE53-1C2F-4E61-9AD1-2BBAA36D0571}
		{A89F6F21-E44D-4D64-8C38-26FB5CB6E60C} = {D73E1A11-AE55-485B-9720-137DF7E6A2EB}
	EndGlobalSection
	GlobalSection(ExtensibilityGlobals) = postSolution
		SolutionGuid = {85A72BCE-2EB9-48A6-BB1F-1573766B24AC}
	EndGlobalSection
EndGlobal
